
Microsoft Visual Studio Solution File, Format Version 12.00
# Visual Studio 15
VisualStudioVersion = 15.0.28010.2026
MinimumVisualStudioVersion = 10.0.40219.1
Project("{FAE04EC0-301F-11D3-BF4B-00C04F79EFBC}") = "HazeronOnlineHistory", "HazeronOnlineHistory.csproj", "{E9A01AA3-ABAC-4652-B7EC-AF46076C52C9}"
EndProject
Global
	GlobalSection(SolutionConfigurationPlatforms) = preSolution
		Debug|x86 = Debug|x86
		Release|x86 = Release|x86
	EndGlobalSection
	GlobalSection(ProjectConfigurationPlatforms) = postSolution
		{E9A01AA3-ABAC-4652-B7EC-AF46076C52C9}.Debug|x86.ActiveCfg = Debug|x86
		{E9A01AA3-ABAC-4652-B7EC-AF46076C52C9}.Debug|x86.Build.0 = Debug|x86
		{E9A01AA3-ABAC-4652-B7EC-AF46076C52C9}.Release|x86.ActiveCfg = Release|x86
		{E9A01AA3-ABAC-4652-B7EC-AF46076C52C9}.Release|x86.Build.0 = Release|x86
	EndGlobalSection
	GlobalSection(SolutionProperties) = preSolution
		HideSolutionNode = FALSE
	EndGlobalSection
	GlobalSection(ExtensibilityGlobals) = postSolution
		SolutionGuid = {AD580CE8-E5CF-4E90-B1EE-7575031BAEFE}
	EndGlobalSection
EndGlobal
